lockfileVersion: '6.0'

settings:
  autoInstallPeers: true
  excludeLinksFromLockfile: false

devDependencies:
  '@types/firefox-webext-browser':
    specifier: ^111.0.1
    version: 111.0.1
  typescript:
    specifier: ^5.1.6
    version: 5.1.6

packages:

  /@types/firefox-webext-browser@111.0.1:
    resolution: {integrity: sha512-mmHWdQTCT68X0hh0URrsIyWhJeFzZHaiprj6nni/CmsAmqYq27T0eZyu1ePeKJ/zuDD3wqtTzm5TwRFAso+oPw==}
    dev: true

  /typescript@5.1.6:
    resolution: {integrity: sha512-zaWCozRZ6DLEWAWFrVDz1H6FVXzUSfTy5FUMWsQlU8Ym5JP9eO4xkTIROFCQvhQf61z6O/G6ugw3SgAnvvm+HA==}
    engines: {node: '>=14.17'}
    hasBin: true
    dev: true
